// !$*UTF8*$!
{
	archiveVersion = 1;
	classes = {
	};
	objectVersion = 50;
	objects = {

/* Begin PBXBuildFile section */
		F7E6FF9A267C0663007123ED /* WebApp.swift in Sources */ = {isa = PBXBuildFile; fileRef = F7E6FF87267C0660007123ED /* WebApp.swift */; };
		F7E6FF9B267C0663007123ED /* WebApp.swift in Sources */ = {isa = PBXBuildFile; fileRef = F7E6FF87267C0660007123ED /* WebApp.swift */; };
		F7E6FF9C267C0663007123ED /* WebPage.swift in Sources */ = {isa = PBXBuildFile; fileRef = F7E6FF88267C0660007123ED /* WebPage.swift */; };
		F7E6FF9D267C0663007123ED /* WebPage.swift in Sources */ = {isa = PBXBuildFile; fileRef = F7E6FF88267C0660007123ED /* WebPage.swift */; };
		F7E6FF9E267C0663007123ED /* Assets.xcassets in Resources */ = {isa = PBXBuildFile; fileRef = F7E6FF89267C0663007123ED /* Assets.xcassets */; };
		F7E6FF9F267C0663007123ED /* Assets.xcassets in Resources */ = {isa = PBXBuildFile; fileRef = F7E6FF89267C0663007123ED /* Assets.xcassets */; };
		F7E6FFB1267C06F4007123ED /* WebView.swift in Sources */ = {isa = PBXBuildFile; fileRef = F7E6FFB0267C06F4007123ED /* WebView.swift */; };
		F7E6FFB2267C06F4007123ED /* WebView.swift in Sources */ = {isa = PBXBuildFile; fileRef = F7E6FFB0267C06F4007123ED /* WebView.swift */; };
		F7E6FFB6267C0706007123ED /* Config.swift in Sources */ = {isa = PBXBuildFile; fileRef = F7E6FFB5267C0706007123ED /* Config.swift */; };
		F7E6FFB7267C0706007123ED /* Config.swift in Sources */ = {isa = PBXBuildFile; fileRef = F7E6FFB5267C0706007123ED /* Config.swift */; };
		F7E6FFC7267C081C007123ED /* build in Resources */ = {isa = PBXBuildFile; fileRef = F7E6FFC6267C081C007123ED /* build */; };
		F7E6FFCA267C0821007123ED /* build in Resources */ = {isa = PBXBuildFile; fileRef = F7E6FFC6267C081C007123ED /* build */; };
		F7E6FFCE267C0F49007123ED /* Bundle.swift in Sources */ = {isa = PBXBuildFile; fileRef = F7E6FFCD267C0F49007123ED /* Bundle.swift */; };
		F7E6FFCF267C0F49007123ED /* Bundle.swift in Sources */ = {isa = PBXBuildFile; fileRef = F7E6FFCD267C0F49007123ED /* Bundle.swift */; };
/* End PBXBuildFile section */

/* Begin PBXFileReference section */
		F7E6FF87267C0660007123ED /* WebApp.swift */ = {isa = PBXFileReference; lastKnownFileType = sourcecode.swift; path = WebApp.swift; sourceTree = "<group>"; };
		F7E6FF88267C0660007123ED /* WebPage.swift */ = {isa = PBXFileReference; lastKnownFileType = sourcecode.swift; path = WebPage.swift; sourceTree = "<group>"; };
		F7E6FF89267C0663007123ED /* Assets.xcassets */ = {isa = PBXFileReference; lastKnownFileType = folder.assetcatalog; path = Assets.xcassets; sourceTree = "<group>"; };
		F7E6FF8E267C0663007123ED /* app.app */ = {isa = PBXFileReference; explicitFileType = wrapper.application; includeInIndex = 0; path = app.app; sourceTree = BUILT_PRODUCTS_DIR; };
		F7E6FF91267C0663007123ED /* Info.plist */ = {isa = PBXFileReference; lastKnownFileType = text.plist.xml; path = Info.plist; sourceTree = "<group>"; };
		F7E6FF96267C0663007123ED /* app.app */ = {isa = PBXFileReference; explicitFileType = wrapper.application; includeInIndex = 0; path = app.app; sourceTree = BUILT_PRODUCTS_DIR; };
		F7E6FF98267C0663007123ED /* Info.plist */ = {isa = PBXFileReference; lastKnownFileType = text.plist.xml; path = Info.plist; sourceTree = "<group>"; };
		F7E6FF99267C0663007123ED /* macOS.entitlements */ = {isa = PBXFileReference; lastKnownFileType = text.plist.entitlements; path = macOS.entitlements; sourceTree = "<group>"; };
		F7E6FFB0267C06F4007123ED /* WebView.swift */ = {isa = PBXFileReference; lastKnownFileType = sourcecode.swift; path = WebView.swift; sourceTree = "<group>"; };
		F7E6FFB5267C0706007123ED /* Config.swift */ = {isa = PBXFileReference; lastKnownFileType = sourcecode.swift; path = Config.swift; sourceTree = "<group>"; };
		F7E6FFC6267C081C007123ED /* build */ = {isa = PBXFileReference; lastKnownFileType = folder; name = build; path = ../build; sourceTree = "<group>"; };
		F7E6FFCD267C0F49007123ED /* Bundle.swift */ = {isa = PBXFileReference; lastKnownFileType = sourcecode.swift; path = Bundle.swift; sourceTree = "<group>"; };
/* End PBXFileReference section */

/* Begin PBXFrameworksBuildPhase section */
		F7E6FF8B267C0663007123ED /* Frameworks */ = {
			isa = PBXFrameworksBuildPhase;
			buildActionMask = 2147483647;
			files = (
			);
			runOnlyForDeploymentPostprocessing = 0;
		};
		F7E6FF93267C0663007123ED /* Frameworks */ = {
			isa = PBXFrameworksBuildPhase;
			buildActionMask = 2147483647;
			files = (
			);
			runOnlyForDeploymentPostprocessing = 0;
		};
/* End PBXFrameworksBuildPhase section */

/* Begin PBXGroup section */
		F7E6FF81267C065F007123ED = {
			isa = PBXGroup;
			children = (
				F7E6FFC6267C081C007123ED /* build */,
				F7E6FF86267C0660007123ED /* Shared */,
				F7E6FF90267C0663007123ED /* iOS */,
				F7E6FF97267C0663007123ED /* macOS */,
				F7E6FF8F267C0663007123ED /* Products */,
			);
			sourceTree = "<group>";
		};
		F7E6FF86267C0660007123ED /* Shared */ = {
			isa = PBXGroup;
			children = (
				F7E6FF87267C0660007123ED /* WebApp.swift */,
				F7E6FF88267C0660007123ED /* WebPage.swift */,
				F7E6FFB5267C0706007123ED /* Config.swift */,
				F7E6FFCD267C0F49007123ED /* Bundle.swift */,
				F7E6FFB0267C06F4007123ED /* WebView.swift */,
				F7E6FF89267C0663007123ED /* Assets.xcassets */,
			);
			path = Shared;
			sourceTree = "<group>";
		};
		F7E6FF8F267C0663007123ED /* Products */ = {
			isa = PBXGroup;
			children = (
				F7E6FF8E267C0663007123ED /* app.app */,
				F7E6FF96267C0663007123ED /* app.app */,
			);
			name = Products;
			sourceTree = "<group>";
		};
		F7E6FF90267C0663007123ED /* iOS */ = {
			isa = PBXGroup;
			children = (
				F7E6FF91267C0663007123ED /* Info.plist */,
			);
			path = iOS;
			sourceTree = "<group>";
		};
		F7E6FF97267C0663007123ED /* macOS */ = {
			isa = PBXGroup;
			children = (
				F7E6FF98267C0663007123ED /* Info.plist */,
				F7E6FF99267C0663007123ED /* macOS.entitlements */,
			);
			path = macOS;
			sourceTree = "<group>";
		};
/* End PBXGroup section */

/* Begin PBXNativeTarget section */
		F7E6FF8D267C0663007123ED /* app (iOS) */ = {
			isa = PBXNativeTarget;
			buildConfigurationList = F7E6FFA2267C0663007123ED /* Build configuration list for PBXNativeTarget "app (iOS)" */;
			buildPhases = (
				F7E6FF8A267C0663007123ED /* Sources */,
				F7E6FF8B267C0663007123ED /* Frameworks */,
				F7E6FF8C267C0663007123ED /* Resources */,
			);
			buildRules = (
			);
			dependencies = (
			);
			name = "app (iOS)";
			productName = "app (iOS)";
			productReference = F7E6FF8E267C0663007123ED /* app.app */;
			productType = "com.apple.product-type.application";
		};
		F7E6FF95267C0663007123ED /* app (macOS) */ = {
			isa = PBXNativeTarget;
			buildConfigurationList = F7E6FFA5267C0663007123ED /* Build configuration list for PBXNativeTarget "app (macOS)" */;
			buildPhases = (
				F7E6FF92267C0663007123ED /* Sources */,
				F7E6FF93267C0663007123ED /* Frameworks */,
				F7E6FF94267C0663007123ED /* Resources */,
			);
			buildRules = (
			);
			dependencies = (
			);
			name = "app (macOS)";
			productName = "app (macOS)";
			productReference = F7E6FF96267C0663007123ED /* app.app */;
			productType = "com.apple.product-type.application";
		};
/* End PBXNativeTarget section */

/* Begin PBXProject section */
		F7E6FF82267C065F007123ED /* Project object */ = {
			isa = PBXProject;
			attributes = {
				LastSwiftUpdateCheck = 1240;
				LastUpgradeCheck = 1240;
				TargetAttributes = {
					F7E6FF8D267C0663007123ED = {
						CreatedOnToolsVersion = 12.4;
					};
					F7E6FF95267C0663007123ED = {
						CreatedOnToolsVersion = 12.4;
					};
				};
			};
			buildConfigurationList = F7E6FF85267C065F007123ED /* Build configuration list for PBXProject "app" */;
			compatibilityVersion = "Xcode 9.3";
			developmentRegion = en;
			hasScannedForEncodings = 0;
			knownRegions = (
				en,
				Base,
			);
			mainGroup = F7E6FF81267C065F007123ED;
			productRefGroup = F7E6FF8F267C0663007123ED /* Products */;
			projectDirPath = "";
			projectRoot = "";
			targets = (
				F7E6FF8D267C0663007123ED /* app (iOS) */,
				F7E6FF95267C0663007123ED /* app (macOS) */,
			);
		};
/* End PBXProject section */

/* Begin PBXResourcesBuildPhase section */
		F7E6FF8C267C0663007123ED /* Resources */ = {
			isa = PBXResourcesBuildPhase;
			buildActionMask = 2147483647;
			files = (
				F7E6FFC7267C081C007123ED /* build in Resources */,
				F7E6FF9E267C0663007123ED /* Assets.xcassets in Resources */,
			);
			runOnlyForDeploymentPostprocessing = 0;
		};
		F7E6FF94267C0663007123ED /* Resources */ = {
			isa = PBXResourcesBuildPhase;
			buildActionMask = 2147483647;
			files = (
				F7E6FFCA267C0821007123ED /* build in Resources */,
				F7E6FF9F267C0663007123ED /* Assets.xcassets in Resources */,
			);
			runOnlyForDeploymentPostprocessing = 0;
		};
/* End PBXResourcesBuildPhase section */

/* Begin PBXSourcesBuildPhase section */
		F7E6FF8A267C0663007123ED /* Sources */ = {
			isa = PBXSourcesBuildPhase;
			buildActionMask = 2147483647;
			files = (
				F7E6FFB1267C06F4007123ED /* WebView.swift in Sources */,
				F7E6FFCE267C0F49007123ED /* Bundle.swift in Sources */,
				F7E6FFB6267C0706007123ED /* Config.swift in Sources */,
				F7E6FF9C267C0663007123ED /* WebPage.swift in Sources */,
				F7E6FF9A267C0663007123ED /* WebApp.swift in Sources */,
			);
			runOnlyForDeploymentPostprocessing = 0;
		};
		F7E6FF92267C0663007123ED /* Sources */ = {
			isa = PBXSourcesBuildPhase;
			buildActionMask = 2147483647;
			files = (
				F7E6FFB2267C06F4007123ED /* WebView.swift in Sources */,
				F7E6FFCF267C0F49007123ED /* Bundle.swift in Sources */,
				F7E6FFB7267C0706007123ED /* Config.swift in Sources */,
				F7E6FF9D267C0663007123ED /* WebPage.swift in Sources */,
				F7E6FF9B267C0663007123ED /* WebApp.swift in Sources */,
			);
			runOnlyForDeploymentPostprocessing = 0;
		};
/* End PBXSourcesBuildPhase section */

/* Begin XCBuildConfiguration section */
		F7E6FFA0267C0663007123ED /* Debug */ = {
			isa = XCBuildConfiguration;
			buildSettings = {
				ALWAYS_SEARCH_USER_PATHS = NO;
				CLANG_ANALYZER_NONNULL = YES;
				CLANG_ANALYZER_NUMBER_OBJECT_CONVERSION = YES_AGGRESSIVE;
				CLANG_CXX_LANGUAGE_STANDARD = "gnu++14";
				CLANG_CXX_LIBRARY = "libc++";
				CLANG_ENABLE_MODULES = YES;
				CLANG_ENABLE_OBJC_ARC = YES;
				CLANG_ENABLE_OBJC_WEAK = YES;
				CLANG_WARN_BLOCK_CAPTURE_AUTORELEASING = YES;
				CLANG_WARN_BOOL_CONVERSION = YES;
				CLANG_WARN_COMMA = YES;
				CLANG_WARN_CONSTANT_CONVERSION = YES;
				CLANG_WARN_DEPRECATED_OBJC_IMPLEMENTATIONS = YES;
				CLANG_WARN_DIRECT_OBJC_ISA_USAGE = YES_ERROR;
				CLANG_WARN_DOCUMENTATION_COMMENTS = YES;
				CLANG_WARN_EMPTY_BODY = YES;
				CLANG_WARN_ENUM_CONVERSION = YES;
				CLANG_WARN_INFINITE_RECURSION = YES;
				CLANG_WARN_INT_CONVERSION = YES;
				CLANG_WARN_NON_LITERAL_NULL_CONVERSION = YES;
				CLANG_WARN_OBJC_IMPLICIT_RETAIN_SELF = YES;
				CLANG_WARN_OBJC_LITERAL_CONVERSION = YES;
				CLANG_WARN_OBJC_ROOT_CLASS = YES_ERROR;
				CLANG_WARN_QUOTED_INCLUDE_IN_FRAMEWORK_HEADER = YES;
				CLANG_WARN_RANGE_LOOP_ANALYSIS = YES;
				CLANG_WARN_STRICT_PROTOTYPES = YES;
				CLANG_WARN_SUSPICIOUS_MOVE = YES;
				CLANG_WARN_UNGUARDED_AVAILABILITY = YES_AGGRESSIVE;
				CLANG_WARN_UNREACHABLE_CODE = YES;
				CLANG_WARN__DUPLICATE_METHOD_MATCH = YES;
				COPY_PHASE_STRIP = NO;
				DEBUG_INFORMATION_FORMAT = dwarf;
				ENABLE_STRICT_OBJC_MSGSEND = YES;
				ENABLE_TESTABILITY = YES;
				GCC_C_LANGUAGE_STANDARD = gnu11;
				GCC_DYNAMIC_NO_PIC = NO;
				GCC_NO_COMMON_BLOCKS = YES;
				GCC_OPTIMIZATION_LEVEL = 0;
				GCC_PREPROCESSOR_DEFINITIONS = (
					"DEBUG=1",
					"$(inherited)",
				);
				GCC_WARN_64_TO_32_BIT_CONVERSION = YES;
				GCC_WARN_ABOUT_RETURN_TYPE = YES_ERROR;
				GCC_WARN_UNDECLARED_SELECTOR = YES;
				GCC_WARN_UNINITIALIZED_AUTOS = YES_AGGRESSIVE;
				GCC_WARN_UNUSED_FUNCTION = YES;
				GCC_WARN_UNUSED_VARIABLE = YES;
				MTL_ENABLE_DEBUG_INFO = INCLUDE_SOURCE;
				MTL_FAST_MATH = YES;
				ONLY_ACTIVE_ARCH = YES;
				SWIFT_ACTIVE_COMPILATION_CONDITIONS = DEBUG;
				SWIFT_OPTIMIZATION_LEVEL = "-Onone";
			};
			name = Debug;
		};
		F7E6FFA1267C0663007123ED /* Release */ = {
			isa = XCBuildConfiguration;
			buildSettings = {
				ALWAYS_SEARCH_USER_PATHS = NO;
				CLANG_ANALYZER_NONNULL = YES;
				CLANG_ANALYZER_NUMBER_OBJECT_CONVERSION = YES_AGGRESSIVE;
				CLANG_CXX_LANGUAGE_STANDARD = "gnu++14";
				CLANG_CXX_LIBRARY = "libc++";
				CLANG_ENABLE_MODULES = YES;
				CLANG_ENABLE_OBJC_ARC = YES;
				CLANG_ENABLE_OBJC_WEAK = YES;
				CLANG_WARN_BLOCK_CAPTURE_AUTORELEASING = YES;
				CLANG_WARN_BOOL_CONVERSION = YES;
				CLANG_WARN_COMMA = YES;
				CLANG_WARN_CONSTANT_CONVERSION = YES;
				CLANG_WARN_DEPRECATED_OBJC_IMPLEMENTATIONS = YES;
				CLANG_WARN_DIRECT_OBJC_ISA_USAGE = YES_ERROR;
				CLANG_WARN_DOCUMENTATION_COMMENTS = YES;
				CLANG_WARN_EMPTY_BODY = YES;
				CLANG_WARN_ENUM_CONVERSION = YES;
				CLANG_WARN_INFINITE_RECURSION = YES;
				CLANG_WARN_INT_CONVERSION = YES;
				CLANG_WARN_NON_LITERAL_NULL_CONVERSION = YES;
				CLANG_WARN_OBJC_IMPLICIT_RETAIN_SELF = YES;
				CLANG_WARN_OBJC_LITERAL_CONVERSION = YES;
				CLANG_WARN_OBJC_ROOT_CLASS = YES_ERROR;
				CLANG_WARN_QUOTED_INCLUDE_IN_FRAMEWORK_HEADER = YES;
				CLANG_WARN_RANGE_LOOP_ANALYSIS = YES;
				CLANG_WARN_STRICT_PROTOTYPES = YES;
				CLANG_WARN_SUSPICIOUS_MOVE = YES;
				CLANG_WARN_UNGUARDED_AVAILABILITY = YES_AGGRESSIVE;
				CLANG_WARN_UNREACHABLE_CODE = YES;
				CLANG_WARN__DUPLICATE_METHOD_MATCH = YES;
				COPY_PHASE_STRIP = NO;
				DEBUG_INFORMATION_FORMAT = "dwarf-with-dsym";
				ENABLE_NS_ASSERTIONS = NO;
				ENABLE_STRICT_OBJC_MSGSEND = YES;
				GCC_C_LANGUAGE_STANDARD = gnu11;
				GCC_NO_COMMON_BLOCKS = YES;
				GCC_WARN_64_TO_32_BIT_CONVERSION = YES;
				GCC_WARN_ABOUT_RETURN_TYPE = YES_ERROR;
				GCC_WARN_UNDECLARED_SELECTOR = YES;
				GCC_WARN_UNINITIALIZED_AUTOS = YES_AGGRESSIVE;
				GCC_WARN_UNUSED_FUNCTION = YES;
				GCC_WARN_UNUSED_VARIABLE = YES;
				MTL_ENABLE_DEBUG_INFO = NO;
				MTL_FAST_MATH = YES;
				SWIFT_COMPILATION_MODE = wholemodule;
				SWIFT_OPTIMIZATION_LEVEL = "-O";
			};
			name = Release;
		};
		F7E6FFA3267C0663007123ED /* Debug */ = {
			isa = XCBuildConfiguration;
			buildSettings = {
				ASSETCATALOG_COMPILER_APPICON_NAME = AppIcon;
				ASSETCATALOG_COMPILER_GLOBAL_ACCENT_COLOR_NAME = AccentColor;
				CODE_SIGN_STYLE = Automatic;
				ENABLE_PREVIEWS = YES;
				INFOPLIST_FILE = iOS/Info.plist;
				IPHONEOS_DEPLOYMENT_TARGET = 14.0;
				LD_RUNPATH_SEARCH_PATHS = (
					"$(inherited)",
					"@executable_path/Frameworks",
				);
				PRODUCT_BUNDLE_IDENTIFIER = com.example.app;
				PRODUCT_NAME = app;
				SDKROOT = iphoneos;
				SWIFT_VERSION = 5.0;
				TARGETED_DEVICE_FAMILY = "1,2";
			};
			name = Debug;
		};
		F7E6FFA4267C0663007123ED /* Release */ = {
			isa = XCBuildConfiguration;
			buildSettings = {
				ASSETCATALOG_COMPILER_APPICON_NAME = AppIcon;
				ASSETCATALOG_COMPILER_GLOBAL_ACCENT_COLOR_NAME = AccentColor;
				CODE_SIGN_STYLE = Automatic;
				ENABLE_PREVIEWS = YES;
				INFOPLIST_FILE = iOS/Info.plist;
				IPHONEOS_DEPLOYMENT_TARGET = 14.0;
				LD_RUNPATH_SEARCH_PATHS = (
					"$(inherited)",
					"@executable_path/Frameworks",
				);
				PRODUCT_BUNDLE_IDENTIFIER = com.example.app;
				PRODUCT_NAME = app;
				SDKROOT = iphoneos;
				SWIFT_VERSION = 5.0;
				TARGETED_DEVICE_FAMILY = "1,2";
				VALIDATE_PRODUCT = YES;
			};
			name = Release;
		};
		F7E6FFA6267C0663007123ED /* Debug */ = {
			isa = XCBuildConfiguration;
			buildSettings = {
				ASSETCATALOG_COMPILER_APPICON_NAME = AppIcon;
				ASSETCATALOG_COMPILER_GLOBAL_ACCENT_COLOR_NAME = AccentColor;
				CODE_SIGN_ENTITLEMENTS = macOS/macOS.entitlements;
				CODE_SIGN_STYLE = Automatic;
				COMBINE_HIDPI_IMAGES = YES;
				ENABLE_PREVIEWS = YES;
				INFOPLIST_FILE = macOS/Info.plist;
				LD_RUNPATH_SEARCH_PATHS = (
					"$(inherited)",
					"@executable_path/../Frameworks",
				);
				MACOSX_DEPLOYMENT_TARGET = 11.0;
				PRODUCT_BUNDLE_IDENTIFIER = com.example.app;
				PRODUCT_NAME = app;
				SDKROOT = macosx;
				SWIFT_VERSION = 5.0;
			};
			name = Debug;
		};
		F7E6FFA7267C0663007123ED /* Release */ = {
			isa = XCBuildConfiguration;
			buildSettings = {
				ASSETCATALOG_COMPILER_APPICON_NAME = AppIcon;
				ASSETCATALOG_COMPILER_GLOBAL_ACCENT_COLOR_NAME = AccentColor;
				CODE_SIGN_ENTITLEMENTS = macOS/macOS.entitlements;
				CODE_SIGN_STYLE = Automatic;
				COMBINE_HIDPI_IMAGES = YES;
				ENABLE_PREVIEWS = YES;
				INFOPLIST_FILE = macOS/Info.plist;
				LD_RUNPATH_SEARCH_PATHS = (
					"$(inherited)",
					"@executable_path/../Frameworks",
				);
				MACOSX_DEPLOYMENT_TARGET = 11.0;
				PRODUCT_BUNDLE_IDENTIFIER = com.example.app;
				PRODUCT_NAME = app;
				SDKROOT = macosx;
				SWIFT_VERSION = 5.0;
			};
			name = Release;
		};
/* End XCBuildConfiguration section */

/* Begin XCConfigurationList section */
		F7E6FF85267C065F007123ED /* Build configuration list for PBXProject "app" */ = {
			isa = XCConfigurationList;
			buildConfigurations = (
				F7E6FFA0267C0663007123ED /* Debug */,
				F7E6FFA1267C0663007123ED /* Release */,
			);
			defaultConfigurationIsVisible = 0;
			defaultConfigurationName = Release;
		};
		F7E6FFA2267C0663007123ED /* Build configuration list for PBXNativeTarget "app (iOS)" */ = {
			isa = XCConfigurationList;
			buildConfigurations = (
				F7E6FFA3267C0663007123ED /* Debug */,
				F7E6FFA4267C0663007123ED /* Release */,
			);
			defaultConfigurationIsVisible = 0;
			defaultConfigurationName = Release;
		};
		F7E6FFA5267C0663007123ED /* Build configuration list for PBXNativeTarget "app (macOS)" */ = {
			isa = XCConfigurationList;
			buildConfigurations = (
				F7E6FFA6267C0663007123ED /* Debug */,
				F7E6FFA7267C0663007123ED /* Release */,
			);
			defaultConfigurationIsVisible = 0;
			defaultConfigurationName = Release;
		};
/* End XCConfigurationList section */
	};
	rootObject = F7E6FF82267C065F007123ED /* Project object */;
}
